speakeasyVersion: 1.537.0
sources:
    Nkwa Pay API:
        sourceNamespace: nkwa-pay-api
        sourceRevisionDigest: sha256:a9cf43d7839839783eefceb458aabb366778d3c7ad2c58c1b9cb7a6c27a44d62
        sourceBlobDigest: sha256:b5f8744b52e2de07e7796829fb0cd780e38d13a4f729a8456953f69ba0edab06
        tags:
            - latest
            - 1.0.0
targets:
    pay:
        source: Nkwa Pay API
        sourceNamespace: nkwa-pay-api
        sourceRevisionDigest: sha256:a9cf43d7839839783eefceb458aabb366778d3c7ad2c58c1b9cb7a6c27a44d62
        sourceBlobDigest: sha256:b5f8744b52e2de07e7796829fb0cd780e38d13a4f729a8456953f69ba0edab06
        codeSamplesNamespace: nkwa-pay-api-java-code-samples
        codeSamplesRevisionDigest: sha256:b0a4350092519f9aab478bf8ac0a73f8909041722437f2c3c267f61c121b94b1
workflow:
    workflowVersion: 1.0.0
    speakeasyVersion: latest
    sources:
        Nkwa Pay API:
            inputs:
                - location: /Users/ebaneck/Downloads/nkwa-pay-openapi.json
            overlays:
                - location: .speakeasy/speakeasy-modifications-overlay.yaml
            registry:
                location: registry.speakeasyapi.dev/nkwa/pay/nkwa-pay-api
    targets:
        pay:
            target: java
            source: Nkwa Pay API
            publish:
                java:
                    ossrhUsername: $ossrh_username
                    ossrhPassword: $ossrh_password
                    gpgSecretKey: $java_gpg_secret_key
                    gpgPassPhrase: $java_gpg_passphrase
            codeSamples:
                registry:
                    location: registry.speakeasyapi.dev/nkwa/pay/nkwa-pay-api-java-code-samples
                labelOverride:
                    fixedValue: Java (SDK)
                blocking: false
