speakeasyVersion: 1.542.1
sources:
    Nkwa Pay API:
        sourceNamespace: nkwa-pay-api
        sourceRevisionDigest: sha256:13029e55fdce960a8008be7af94904a50dcbfb625d3bc5b7e52a6ce2456c3594
        sourceBlobDigest: sha256:8a8ef6ee01a2fe32d883a8968ab05a0f733fc45715f9dc1037edee9124d4afd0
        tags:
            - latest
            - speakeasy-sdk-regen-1746423404
            - 1.0.0
targets:
    pay:
        source: Nkwa Pay API
        sourceNamespace: nkwa-pay-api
        sourceRevisionDigest: sha256:13029e55fdce960a8008be7af94904a50dcbfb625d3bc5b7e52a6ce2456c3594
        sourceBlobDigest: sha256:8a8ef6ee01a2fe32d883a8968ab05a0f733fc45715f9dc1037edee9124d4afd0
        codeSamplesNamespace: nkwa-pay-api-java-code-samples
        codeSamplesRevisionDigest: sha256:6b3a6817feae6143864ae34b47fdb506f11990c4b020b2c1149e81d8791f5c0e
workflow:
    workflowVersion: 1.0.0
    speakeasyVersion: latest
    sources:
        Nkwa Pay API:
            inputs:
                - location: https://raw.githubusercontent.com/nkwa/pay-postman/refs/heads/main/openapi.json
            overlays:
                - location: .speakeasy/speakeasy-modifications-overlay.yaml
            registry:
                location: registry.speakeasyapi.dev/nkwa/pay/nkwa-pay-api
    targets:
        pay:
            target: java
            source: Nkwa Pay API
            publish:
                java:
                    ossrhUsername: $ossrh_username
                    ossrhPassword: $ossrh_password
                    gpgSecretKey: $java_gpg_secret_key
                    gpgPassPhrase: $java_gpg_passphrase
            codeSamples:
                registry:
                    location: registry.speakeasyapi.dev/nkwa/pay/nkwa-pay-api-java-code-samples
                labelOverride:
                    fixedValue: Java (SDK)
                blocking: false
