speakeasyVersion: 1.537.0
sources:
    Nkwa Pay API:
        sourceNamespace: nkwa-pay-api
        sourceRevisionDigest: sha256:5142b2c1db38f06eff96fd04af6f9f9d953e1852992b0e0c78510bbe43274d3e
        sourceBlobDigest: sha256:b5f8744b52e2de07e7796829fb0cd780e38d13a4f729a8456953f69ba0edab06
        tags:
            - latest
            - 1.0.0
targets:
    pay:
        source: Nkwa Pay API
        sourceNamespace: nkwa-pay-api
        sourceRevisionDigest: sha256:5142b2c1db38f06eff96fd04af6f9f9d953e1852992b0e0c78510bbe43274d3e
        sourceBlobDigest: sha256:b5f8744b52e2de07e7796829fb0cd780e38d13a4f729a8456953f69ba0edab06
        codeSamplesNamespace: nkwa-pay-api-java-code-samples
        codeSamplesRevisionDigest: sha256:2debf71f9e8b33003c481b1f51e220ec0115e3f874d0a62c8676798aa55829ca
workflow:
    workflowVersion: 1.0.0
    speakeasyVersion: latest
    sources:
        Nkwa Pay API:
            inputs:
                - location: /Users/ebaneck/Downloads/nkwa-pay-openapi.json
            overlays:
                - location: .speakeasy/speakeasy-modifications-overlay.yaml
            registry:
                location: registry.speakeasyapi.dev/nkwa/pay/nkwa-pay-api
    targets:
        pay:
            target: java
            source: Nkwa Pay API
            publish:
                java:
                    ossrhUsername: $ossrh_username
                    ossrhPassword: $ossrh_password
                    gpgSecretKey: $java_gpg_secret_key
                    gpgPassPhrase: $java_gpg_passphrase
            codeSamples:
                registry:
                    location: registry.speakeasyapi.dev/nkwa/pay/nkwa-pay-api-java-code-samples
                labelOverride:
                    fixedValue: Java (SDK)
                blocking: false
